// !$*UTF8*$!
{
	archiveVersion = 1;
	classes = {
	};
	objectVersion = 46;
	objects = {

/* Begin PBXBuildFile section */
		2B6DE4152162551D00E09BAB /* AppDelegate.swift in Sources */ = {isa = PBXBuildFile; fileRef = 2B6DE4142162551D00E09BAB /* AppDelegate.swift */; };
		2B6DE4172162551D00E09BAB /* ViewController.swift in Sources */ = {isa = PBXBuildFile; fileRef = 2B6DE4162162551D00E09BAB /* ViewController.swift */; };
		2B6DE41A2162551D00E09BAB /* Main.storyboard in Resources */ = {isa = PBXBuildFile; fileRef = 2B6DE4182162551D00E09BAB /* Main.storyboard */; };
		2B6DE41C2162551D00E09BAB /* Assets.xcassets in Resources */ = {isa = PBXBuildFile; fileRef = 2B6DE41B2162551D00E09BAB /* Assets.xcassets */; };
		2B6DE41F2162551D00E09BAB /* LaunchScreen.storyboard in Resources */ = {isa = PBXBuildFile; fileRef = 2B6DE41D2162551D00E09BAB /* LaunchScreen.storyboard */; };
		2B6DE42A2162551E00E09BAB /* instagramTests.swift in Sources */ = {isa = PBXBuildFile; fileRef = 2B6DE4292162551E00E09BAB /* instagramTests.swift */; };
		2B6DE4352162551E00E09BAB /* instagramUITests.swift in Sources */ = {isa = PBXBuildFile; fileRef = 2B6DE4342162551E00E09BAB /* instagramUITests.swift */; };
/* End PBXBuildFile section */

/* Begin PBXContainerItemProxy section */
		2B6DE4262162551E00E09BAB /* PBXContainerItemProxy */ = {
			isa = PBXContainerItemProxy;
			containerPortal = 2B6DE4092162551D00E09BAB /* Project object */;
			proxyType = 1;
			remoteGlobalIDString = 2B6DE4102162551D00E09BAB;
			remoteInfo = instagram;
		};
		2B6DE4312162551E00E09BAB /* PBXContainerItemProxy */ = {
			isa = PBXContainerItemProxy;
			containerPortal = 2B6DE4092162551D00E09BAB /* Project object */;
			proxyType = 1;
			remoteGlobalIDString = 2B6DE4102162551D00E09BAB;
			remoteInfo = instagram;
		};
/* End PBXContainerItemProxy section */

/* Begin PBXFileReference section */
		2B6DE4112162551D00E09BAB /* instagram.app */ = {isa = PBXFileReference; explicitFileType = wrapper.application; includeInIndex = 0; path = instagram.app; sourceTree = BUILT_PRODUCTS_DIR; };
		2B6DE4142162551D00E09BAB /* AppDelegate.swift */ = {isa = PBXFileReference; lastKnownFileType = sourcecode.swift; path = AppDelegate.swift; sourceTree = "<group>"; };
		2B6DE4162162551D00E09BAB /* ViewController.swift */ = {isa = PBXFileReference; lastKnownFileType = sourcecode.swift; path = ViewController.swift; sourceTree = "<group>"; };
		2B6DE4192162551D00E09BAB /* Base */ = {isa = PBXFileReference; lastKnownFileType = file.storyboard; name = Base; path = Base.lproj/Main.storyboard; sourceTree = "<group>"; };
		2B6DE41B2162551D00E09BAB /* Assets.xcassets */ = {isa = PBXFileReference; lastKnownFileType = folder.assetcatalog; path = Assets.xcassets; sourceTree = "<group>"; };
		2B6DE41E2162551D00E09BAB /* Base */ = {isa = PBXFileReference; lastKnownFileType = file.storyboard; name = Base; path = Base.lproj/LaunchScreen.storyboard; sourceTree = "<group>"; };
		2B6DE4202162551D00E09BAB /* Info.plist */ = {isa = PBXFileReference; lastKnownFileType = text.plist.xml; path = Info.plist; sourceTree = "<group>"; };
		2B6DE4252162551E00E09BAB /* instagramTests.xctest */ = {isa = PBXFileReference; explicitFileType = wrapper.cfbundle; includeInIndex = 0; path = instagramTests.xctest; sourceTree = BUILT_PRODUCTS_DIR; };
		2B6DE4292162551E00E09BAB /* instagramTests.swift */ = {isa = PBXFileReference; lastKnownFileType = sourcecode.swift; path = instagramTests.swift; sourceTree = "<group>"; };
		2B6DE42B2162551E00E09BAB /* Info.plist */ = {isa = PBXFileReference; lastKnownFileType = text.plist.xml; path = Info.plist; sourceTree = "<group>"; };
		2B6DE4302162551E00E09BAB /* instagramUITests.xctest */ = {isa = PBXFileReference; explicitFileType = wrapper.cfbundle; includeInIndex = 0; path = instagramUITests.xctest; sourceTree = BUILT_PRODUCTS_DIR; };
		2B6DE4342162551E00E09BAB /* instagramUITests.swift */ = {isa = PBXFileReference; lastKnownFileType = sourcecode.swift; path = instagramUITests.swift; sourceTree = "<group>"; };
		2B6DE4362162551E00E09BAB /* Info.plist */ = {isa = PBXFileReference; lastKnownFileType = text.plist.xml; path = Info.plist; sourceTree = "<group>"; };
/* End PBXFileReference section */

/* Begin PBXFrameworksBuildPhase section */
		2B6DE40E2162551D00E09BAB /* Frameworks */ = {
			isa = PBXFrameworksBuildPhase;
			buildActionMask = 2147483647;
			files = (
			);
			runOnlyForDeploymentPostprocessing = 0;
		};
		2B6DE4222162551E00E09BAB /* Frameworks */ = {
			isa = PBXFrameworksBuildPhase;
			buildActionMask = 2147483647;
			files = (
			);
			runOnlyForDeploymentPostprocessing = 0;
		};
		2B6DE42D2162551E00E09BAB /* Frameworks */ = {
			isa = PBXFrameworksBuildPhase;
			buildActionMask = 2147483647;
			files = (
			);
			runOnlyForDeploymentPostprocessing = 0;
		};
/* End PBXFrameworksBuildPhase section */

/* Begin PBXGroup section */
		2B6DE4082162551D00E09BAB = {
			isa = PBXGroup;
			children = (
				2B6DE4132162551D00E09BAB /* instagram */,
				2B6DE4282162551E00E09BAB /* instagramTests */,
				2B6DE4332162551E00E09BAB /* instagramUITests */,
				2B6DE4122162551D00E09BAB /* Products */,
			);
			sourceTree = "<group>";
		};
		2B6DE4122162551D00E09BAB /* Products */ = {
			isa = PBXGroup;
			children = (
				2B6DE4112162551D00E09BAB /* instagram.app */,
				2B6DE4252162551E00E09BAB /* instagramTests.xctest */,
				2B6DE4302162551E00E09BAB /* instagramUITests.xctest */,
			);
			name = Products;
			sourceTree = "<group>";
		};
		2B6DE4132162551D00E09BAB /* instagram */ = {
			isa = PBXGroup;
			children = (
				2B6DE4142162551D00E09BAB /* AppDelegate.swift */,
				2B6DE4162162551D00E09BAB /* ViewController.swift */,
				2B6DE4182162551D00E09BAB /* Main.storyboard */,
				2B6DE41B2162551D00E09BAB /* Assets.xcassets */,
				2B6DE41D2162551D00E09BAB /* LaunchScreen.storyboard */,
				2B6DE4202162551D00E09BAB /* Info.plist */,
			);
			path = instagram;
			sourceTree = "<group>";
		};
		2B6DE4282162551E00E09BAB /* instagramTests */ = {
			isa = PBXGroup;
			children = (
				2B6DE4292162551E00E09BAB /* instagramTests.swift */,
				2B6DE42B2162551E00E09BAB /* Info.plist */,
			);
			path = instagramTests;
			sourceTree = "<group>";
		};
		2B6DE4332162551E00E09BAB /* instagramUITests */ = {
			isa = PBXGroup;
			children = (
				2B6DE4342162551E00E09BAB /* instagramUITests.swift */,
				2B6DE4362162551E00E09BAB /* Info.plist */,
			);
			path = instagramUITests;
			sourceTree = "<group>";
		};
/* End PBXGroup section */

/* Begin PBXNativeTarget section */
		2B6DE4102162551D00E09BAB /* instagram */ = {
			isa = PBXNativeTarget;
			buildConfigurationList = 2B6DE4392162551E00E09BAB /* Build configuration list for PBXNativeTarget "instagram" */;
			buildPhases = (
				2B6DE40D2162551D00E09BAB /* Sources */,
				2B6DE40E2162551D00E09BAB /* Frameworks */,
				2B6DE40F2162551D00E09BAB /* Resources */,
			);
			buildRules = (
			);
			dependencies = (
			);
			name = instagram;
			productName = instagram;
			productReference = 2B6DE4112162551D00E09BAB /* instagram.app */;
			productType = "com.apple.product-type.application";
		};
		2B6DE4242162551E00E09BAB /* instagramTests */ = {
			isa = PBXNativeTarget;
			buildConfigurationList = 2B6DE43C2162551E00E09BAB /* Build configuration list for PBXNativeTarget "instagramTests" */;
			buildPhases = (
				2B6DE4212162551E00E09BAB /* Sources */,
				2B6DE4222162551E00E09BAB /* Frameworks */,
				2B6DE4232162551E00E09BAB /* Resources */,
			);
			buildRules = (
			);
			dependencies = (
				2B6DE4272162551E00E09BAB /* PBXTargetDependency */,
			);
			name = instagramTests;
			productName = instagramTests;
			productReference = 2B6DE4252162551E00E09BAB /* instagramTests.xctest */;
			productType = "com.apple.product-type.bundle.unit-test";
		};
		2B6DE42F2162551E00E09BAB /* instagramUITests */ = {
			isa = PBXNativeTarget;
			buildConfigurationList = 2B6DE43F2162551E00E09BAB /* Build configuration list for PBXNativeTarget "instagramUITests" */;
			buildPhases = (
				2B6DE42C2162551E00E09BAB /* Sources */,
				2B6DE42D2162551E00E09BAB /* Frameworks */,
				2B6DE42E2162551E00E09BAB /* Resources */,
			);
			buildRules = (
			);
			dependencies = (
				2B6DE4322162551E00E09BAB /* PBXTargetDependency */,
			);
			name = instagramUITests;
			productName = instagramUITests;
			productReference = 2B6DE4302162551E00E09BAB /* instagramUITests.xctest */;
			productType = "com.apple.product-type.bundle.ui-testing";
		};
/* End PBXNativeTarget section */

/* Begin PBXProject section */
		2B6DE4092162551D00E09BAB /* Project object */ = {
			isa = PBXProject;
			attributes = {
				LastSwiftUpdateCheck = 0830;
				LastUpgradeCheck = 0830;
				ORGANIZATIONNAME = LinuxPlus;
				TargetAttributes = {
					2B6DE4102162551D00E09BAB = {
						CreatedOnToolsVersion = 8.3.3;
						ProvisioningStyle = Automatic;
					};
					2B6DE4242162551E00E09BAB = {
						CreatedOnToolsVersion = 8.3.3;
						ProvisioningStyle = Automatic;
						TestTargetID = 2B6DE4102162551D00E09BAB;
					};
					2B6DE42F2162551E00E09BAB = {
						CreatedOnToolsVersion = 8.3.3;
						ProvisioningStyle = Automatic;
						TestTargetID = 2B6DE4102162551D00E09BAB;
					};
				};
			};
			buildConfigurationList = 2B6DE40C2162551D00E09BAB /* Build configuration list for PBXProject "instagram" */;
			compatibilityVersion = "Xcode 3.2";
			developmentRegion = English;
			hasScannedForEncodings = 0;
			knownRegions = (
				en,
				Base,
			);
			mainGroup = 2B6DE4082162551D00E09BAB;
			productRefGroup = 2B6DE4122162551D00E09BAB /* Products */;
			projectDirPath = "";
			projectRoot = "";
			targets = (
				2B6DE4102162551D00E09BAB /* instagram */,
				2B6DE4242162551E00E09BAB /* instagramTests */,
				2B6DE42F2162551E00E09BAB /* instagramUITests */,
			);
		};
/* End PBXProject section */

/* Begin PBXResourcesBuildPhase section */
		2B6DE40F2162551D00E09BAB /* Resources */ = {
			isa = PBXResourcesBuildPhase;
			buildActionMask = 2147483647;
			files = (
				2B6DE41F2162551D00E09BAB /* LaunchScreen.storyboard in Resources */,
				2B6DE41C2162551D00E09BAB /* Assets.xcassets in Resources */,
				2B6DE41A2162551D00E09BAB /* Main.storyboard in Resources */,
			);
			runOnlyForDeploymentPostprocessing = 0;
		};
		2B6DE4232162551E00E09BAB /* Resources */ = {
			isa = PBXResourcesBuildPhase;
			buildActionMask = 2147483647;
			files = (
			);
			runOnlyForDeploymentPostprocessing = 0;
		};
		2B6DE42E2162551E00E09BAB /* Resources */ = {
			isa = PBXResourcesBuildPhase;
			buildActionMask = 2147483647;
			files = (
			);
			runOnlyForDeploymentPostprocessing = 0;
		};
/* End PBXResourcesBuildPhase section */

/* Begin PBXSourcesBuildPhase section */
		2B6DE40D2162551D00E09BAB /* Sources */ = {
			isa = PBXSourcesBuildPhase;
			buildActionMask = 2147483647;
			files = (
				2B6DE4172162551D00E09BAB /* ViewController.swift in Sources */,
				2B6DE4152162551D00E09BAB /* AppDelegate.swift in Sources */,
			);
			runOnlyForDeploymentPostprocessing = 0;
		};
		2B6DE4212162551E00E09BAB /* Sources */ = {
			isa = PBXSourcesBuildPhase;
			buildActionMask = 2147483647;
			files = (
				2B6DE42A2162551E00E09BAB /* instagramTests.swift in Sources */,
			);
			runOnlyForDeploymentPostprocessing = 0;
		};
		2B6DE42C2162551E00E09BAB /* Sources */ = {
			isa = PBXSourcesBuildPhase;
			buildActionMask = 2147483647;
			files = (
				2B6DE4352162551E00E09BAB /* instagramUITests.swift in Sources */,
			);
			runOnlyForDeploymentPostprocessing = 0;
		};
/* End PBXSourcesBuildPhase section */

/* Begin PBXTargetDependency section */
		2B6DE4272162551E00E09BAB /* PBXTargetDependency */ = {
			isa = PBXTargetDependency;
			target = 2B6DE4102162551D00E09BAB /* instagram */;
			targetProxy = 2B6DE4262162551E00E09BAB /* PBXContainerItemProxy */;
		};
		2B6DE4322162551E00E09BAB /* PBXTargetDependency */ = {
			isa = PBXTargetDependency;
			target = 2B6DE4102162551D00E09BAB /* instagram */;
			targetProxy = 2B6DE4312162551E00E09BAB /* PBXContainerItemProxy */;
		};
/* End PBXTargetDependency section */

/* Begin PBXVariantGroup section */
		2B6DE4182162551D00E09BAB /* Main.storyboard */ = {
			isa = PBXVariantGroup;
			children = (
				2B6DE4192162551D00E09BAB /* Base */,
			);
			name = Main.storyboard;
			sourceTree = "<group>";
		};
		2B6DE41D2162551D00E09BAB /* LaunchScreen.storyboard */ = {
			isa = PBXVariantGroup;
			children = (
				2B6DE41E2162551D00E09BAB /* Base */,
			);
			name = LaunchScreen.storyboard;
			sourceTree = "<group>";
		};
/* End PBXVariantGroup section */

/* Begin XCBuildConfiguration section */
		2B6DE4372162551E00E09BAB /* Debug */ = {
			isa = XCBuildConfiguration;
			buildSettings = {
				ALWAYS_SEARCH_USER_PATHS = NO;
				CLANG_ANALYZER_NONNULL = YES;
				CLANG_ANALYZER_NUMBER_OBJECT_CONVERSION = YES_AGGRESSIVE;
				CLANG_CXX_LANGUAGE_STANDARD = "gnu++0x";
				CLANG_CXX_LIBRARY = "libc++";
				CLANG_ENABLE_MODULES = YES;
				CLANG_ENABLE_OBJC_ARC = YES;
				CLANG_WARN_BOOL_CONVERSION = YES;
				CLANG_WARN_CONSTANT_CONVERSION = YES;
				CLANG_WARN_DIRECT_OBJC_ISA_USAGE = YES_ERROR;
				CLANG_WARN_DOCUMENTATION_COMMENTS = YES;
				CLANG_WARN_EMPTY_BODY = YES;
				CLANG_WARN_ENUM_CONVERSION = YES;
				CLANG_WARN_INFINITE_RECURSION = YES;
				CLANG_WARN_INT_CONVERSION = YES;
				CLANG_WARN_OBJC_ROOT_CLASS = YES_ERROR;
				CLANG_WARN_SUSPICIOUS_MOVE = YES;
				CLANG_WARN_UNREACHABLE_CODE = YES;
				CLANG_WARN__DUPLICATE_METHOD_MATCH = YES;
				"CODE_SIGN_IDENTITY[sdk=iphoneos*]" = "iPhone Developer";
				COPY_PHASE_STRIP = NO;
				DEBUG_INFORMATION_FORMAT = dwarf;
				ENABLE_STRICT_OBJC_MSGSEND = YES;
				ENABLE_TESTABILITY = YES;
				GCC_C_LANGUAGE_STANDARD = gnu99;
				GCC_DYNAMIC_NO_PIC = NO;
				GCC_NO_COMMON_BLOCKS = YES;
				GCC_OPTIMIZATION_LEVEL = 0;
				GCC_PREPROCESSOR_DEFINITIONS = (
					"DEBUG=1",
					"$(inherited)",
				);
				GCC_WARN_64_TO_32_BIT_CONVERSION = YES;
				GCC_WARN_ABOUT_RETURN_TYPE = YES_ERROR;
				GCC_WARN_UNDECLARED_SELECTOR = YES;
				GCC_WARN_UNINITIALIZED_AUTOS = YES_AGGRESSIVE;
				GCC_WARN_UNUSED_FUNCTION = YES;
				GCC_WARN_UNUSED_VARIABLE = YES;
				IPHONEOS_DEPLOYMENT_TARGET = 10.3;
				MTL_ENABLE_DEBUG_INFO = YES;
				ONLY_ACTIVE_ARCH = YES;
				SDKROOT = iphoneos;
				SWIFT_ACTIVE_COMPILATION_CONDITIONS = DEBUG;
				SWIFT_OPTIMIZATION_LEVEL = "-Onone";
				TARGETED_DEVICE_FAMILY = "1,2";
			};
			name = Debug;
		};
		2B6DE4382162551E00E09BAB /* Release */ = {
			isa = XCBuildConfiguration;
			buildSettings = {
				ALWAYS_SEARCH_USER_PATHS = NO;
				CLANG_ANALYZER_NONNULL = YES;
				CLANG_ANALYZER_NUMBER_OBJECT_CONVERSION = YES_AGGRESSIVE;
				CLANG_CXX_LANGUAGE_STANDARD = "gnu++0x";
				CLANG_CXX_LIBRARY = "libc++";
				CLANG_ENABLE_MODULES = YES;
				CLANG_ENABLE_OBJC_ARC = YES;
				CLANG_WARN_BOOL_CONVERSION = YES;
				CLANG_WARN_CONSTANT_CONVERSION = YES;
				CLANG_WARN_DIRECT_OBJC_ISA_USAGE = YES_ERROR;
				CLANG_WARN_DOCUMENTATION_COMMENTS = YES;
				CLANG_WARN_EMPTY_BODY = YES;
				CLANG_WARN_ENUM_CONVERSION = YES;
				CLANG_WARN_INFINITE_RECURSION = YES;
				CLANG_WARN_INT_CONVERSION = YES;
				CLANG_WARN_OBJC_ROOT_CLASS = YES_ERROR;
				CLANG_WARN_SUSPICIOUS_MOVE = YES;
				CLANG_WARN_UNREACHABLE_CODE = YES;
				CLANG_WARN__DUPLICATE_METHOD_MATCH = YES;
				"CODE_SIGN_IDENTITY[sdk=iphoneos*]" = "iPhone Developer";
				COPY_PHASE_STRIP = NO;
				DEBUG_INFORMATION_FORMAT = "dwarf-with-dsym";
				ENABLE_NS_ASSERTIONS = NO;
				ENABLE_STRICT_OBJC_MSGSEND = YES;
				GCC_C_LANGUAGE_STANDARD = gnu99;
				GCC_NO_COMMON_BLOCKS = YES;
				GCC_WARN_64_TO_32_BIT_CONVERSION = YES;
				GCC_WARN_ABOUT_RETURN_TYPE = YES_ERROR;
				GCC_WARN_UNDECLARED_SELECTOR = YES;
				GCC_WARN_UNINITIALIZED_AUTOS = YES_AGGRESSIVE;
				GCC_WARN_UNUSED_FUNCTION = YES;
				GCC_WARN_UNUSED_VARIABLE = YES;
				IPHONEOS_DEPLOYMENT_TARGET = 10.3;
				MTL_ENABLE_DEBUG_INFO = NO;
				SDKROOT = iphoneos;
				SWIFT_OPTIMIZATION_LEVEL = "-Owholemodule";
				TARGETED_DEVICE_FAMILY = "1,2";
				VALIDATE_PRODUCT = YES;
			};
			name = Release;
		};
		2B6DE43A2162551E00E09BAB /* Debug */ = {
			isa = XCBuildConfiguration;
			buildSettings = {
				ASSETCATALOG_COMPILER_APPICON_NAME = AppIcon;
				INFOPLIST_FILE = instagram/Info.plist;
				LD_RUNPATH_SEARCH_PATHS = "$(inherited) @executable_path/Frameworks";
				PRODUCT_BUNDLE_IDENTIFIER = GarredMurphyCST336.instagram;
				PRODUCT_NAME = "$(TARGET_NAME)";
				SWIFT_VERSION = 3.0;
			};
			name = Debug;
		};
		2B6DE43B2162551E00E09BAB /* Release */ = {
			isa = XCBuildConfiguration;
			buildSettings = {
				ASSETCATALOG_COMPILER_APPICON_NAME = AppIcon;
				INFOPLIST_FILE = instagram/Info.plist;
				LD_RUNPATH_SEARCH_PATHS = "$(inherited) @executable_path/Frameworks";
				PRODUCT_BUNDLE_IDENTIFIER = GarredMurphyCST336.instagram;
				PRODUCT_NAME = "$(TARGET_NAME)";
				SWIFT_VERSION = 3.0;
			};
			name = Release;
		};
		2B6DE43D2162551E00E09BAB /* Debug */ = {
			isa = XCBuildConfiguration;
			buildSettings = {
				ALWAYS_EMBED_SWIFT_STANDARD_LIBRARIES = YES;
				BUNDLE_LOADER = "$(TEST_HOST)";
				INFOPLIST_FILE = instagramTests/Info.plist;
				LD_RUNPATH_SEARCH_PATHS = "$(inherited) @executable_path/Frameworks @loader_path/Frameworks";
				PRODUCT_BUNDLE_IDENTIFIER = GarredMurphyCST336.instagramTests;
				PRODUCT_NAME = "$(TARGET_NAME)";
				SWIFT_VERSION = 3.0;
				TEST_HOST = "$(BUILT_PRODUCTS_DIR)/instagram.app/instagram";
			};
			name = Debug;
		};
		2B6DE43E2162551E00E09BAB /* Release */ = {
			isa = XCBuildConfiguration;
			buildSettings = {
				ALWAYS_EMBED_SWIFT_STANDARD_LIBRARIES = YES;
				BUNDLE_LOADER = "$(TEST_HOST)";
				INFOPLIST_FILE = instagramTests/Info.plist;
				LD_RUNPATH_SEARCH_PATHS = "$(inherited) @executable_path/Frameworks @loader_path/Frameworks";
				PRODUCT_BUNDLE_IDENTIFIER = GarredMurphyCST336.instagramTests;
				PRODUCT_NAME = "$(TARGET_NAME)";
				SWIFT_VERSION = 3.0;
				TEST_HOST = "$(BUILT_PRODUCTS_DIR)/instagram.app/instagram";
			};
			name = Release;
		};
		2B6DE4402162551E00E09BAB /* Debug */ = {
			isa = XCBuildConfiguration;
			buildSettings = {
				ALWAYS_EMBED_SWIFT_STANDARD_LIBRARIES = YES;
				INFOPLIST_FILE = instagramUITests/Info.plist;
				LD_RUNPATH_SEARCH_PATHS = "$(inherited) @executable_path/Frameworks @loader_path/Frameworks";
				PRODUCT_BUNDLE_IDENTIFIER = GarredMurphyCST336.instagramUITests;
				PRODUCT_NAME = "$(TARGET_NAME)";
				SWIFT_VERSION = 3.0;
				TEST_TARGET_NAME = instagram;
			};
			name = Debug;
		};
		2B6DE4412162551E00E09BAB /* Release */ = {
			isa = XCBuildConfiguration;
			buildSettings = {
				ALWAYS_EMBED_SWIFT_STANDARD_LIBRARIES = YES;
				INFOPLIST_FILE = instagramUITests/Info.plist;
				LD_RUNPATH_SEARCH_PATHS = "$(inherited) @executable_path/Frameworks @loader_path/Frameworks";
				PRODUCT_BUNDLE_IDENTIFIER = GarredMurphyCST336.instagramUITests;
				PRODUCT_NAME = "$(TARGET_NAME)";
				SWIFT_VERSION = 3.0;
				TEST_TARGET_NAME = instagram;
			};
			name = Release;
		};
/* End XCBuildConfiguration section */

/* Begin XCConfigurationList section */
		2B6DE40C2162551D00E09BAB /* Build configuration list for PBXProject "instagram" */ = {
			isa = XCConfigurationList;
			buildConfigurations = (
				2B6DE4372162551E00E09BAB /* Debug */,
				2B6DE4382162551E00E09BAB /* Release */,
			);
			defaultConfigurationIsVisible = 0;
			defaultConfigurationName = Release;
		};
		2B6DE4392162551E00E09BAB /* Build configuration list for PBXNativeTarget "instagram" */ = {
			isa = XCConfigurationList;
			buildConfigurations = (
				2B6DE43A2162551E00E09BAB /* Debug */,
				2B6DE43B2162551E00E09BAB /* Release */,
			);
			defaultConfigurationIsVisible = 0;
		};
		2B6DE43C2162551E00E09BAB /* Build configuration list for PBXNativeTarget "instagramTests" */ = {
			isa = XCConfigurationList;
			buildConfigurations = (
				2B6DE43D2162551E00E09BAB /* Debug */,
				2B6DE43E2162551E00E09BAB /* Release */,
			);
			defaultConfigurationIsVisible = 0;
		};
		2B6DE43F2162551E00E09BAB /* Build configuration list for PBXNativeTarget "instagramUITests" */ = {
			isa = XCConfigurationList;
			buildConfigurations = (
				2B6DE4402162551E00E09BAB /* Debug */,
				2B6DE4412162551E00E09BAB /* Release */,
			);
			defaultConfigurationIsVisible = 0;
		};
/* End XCConfigurationList section */
	};
	rootObject = 2B6DE4092162551D00E09BAB /* Project object */;
}
